// !$*UTF8*$!
{
	archiveVersion = 1;
	classes = {
	};
	objectVersion = 46;
	objects = {

/* Begin PBXBuildFile section */
		9ED39A721E18318F00833871 /* AppDelegate.swift in Sources */ = {isa = PBXBuildFile; fileRef = 9ED39A711E18318F00833871 /* AppDelegate.swift */; };
		9ED39A771E18318F00833871 /* Main.storyboard in Resources */ = {isa = PBXBuildFile; fileRef = 9ED39A751E18318F00833871 /* Main.storyboard */; };
		9ED39A7A1E18318F00833871 /* GoodBoyOrGirl.xcdatamodeld in Sources */ = {isa = PBXBuildFile; fileRef = 9ED39A781E18318F00833871 /* GoodBoyOrGirl.xcdatamodeld */; };
		9ED39A7C1E18318F00833871 /* Assets.xcassets in Resources */ = {isa = PBXBuildFile; fileRef = 9ED39A7B1E18318F00833871 /* Assets.xcassets */; };
		9ED39A7F1E18318F00833871 /* LaunchScreen.storyboard in Resources */ = {isa = PBXBuildFile; fileRef = 9ED39A7D1E18318F00833871 /* LaunchScreen.storyboard */; };
		9ED39A871E186B0100833871 /* BehaviorTableViewController.swift in Sources */ = {isa = PBXBuildFile; fileRef = 9ED39A861E186B0100833871 /* BehaviorTableViewController.swift */; };
		9ED39A8B1E186BD400833871 /* AddBehaviorViewController.swift in Sources */ = {isa = PBXBuildFile; fileRef = 9ED39A8A1E186BD400833871 /* AddBehaviorViewController.swift */; };
		9ED39A8D1E187E6700833871 /* Behavior+Date.swift in Sources */ = {isa = PBXBuildFile; fileRef = 9ED39A8C1E187E6700833871 /* Behavior+Date.swift */; };
/* End PBXBuildFile section */

/* Begin PBXFileReference section */
		9ED39A6E1E18318F00833871 /* GoodBoyOrGirl.app */ = {isa = PBXFileReference; explicitFileType = wrapper.application; includeInIndex = 0; path = GoodBoyOrGirl.app; sourceTree = BUILT_PRODUCTS_DIR; };
		9ED39A711E18318F00833871 /* AppDelegate.swift */ = {isa = PBXFileReference; lastKnownFileType = sourcecode.swift; path = AppDelegate.swift; sourceTree = "<group>"; };
		9ED39A761E18318F00833871 /* Base */ = {isa = PBXFileReference; lastKnownFileType = file.storyboard; name = Base; path = Base.lproj/Main.storyboard; sourceTree = "<group>"; };
		9ED39A791E18318F00833871 /* GoodBoyOrGirl.xcdatamodel */ = {isa = PBXFileReference; lastKnownFileType = wrapper.xcdatamodel; path = GoodBoyOrGirl.xcdatamodel; sourceTree = "<group>"; };
		9ED39A7B1E18318F00833871 /* Assets.xcassets */ = {isa = PBXFileReference; lastKnownFileType = folder.assetcatalog; path = Assets.xcassets; sourceTree = "<group>"; };
		9ED39A7E1E18318F00833871 /* Base */ = {isa = PBXFileReference; lastKnownFileType = file.storyboard; name = Base; path = Base.lproj/LaunchScreen.storyboard; sourceTree = "<group>"; };
		9ED39A801E18318F00833871 /* Info.plist */ = {isa = PBXFileReference; lastKnownFileType = text.plist.xml; path = Info.plist; sourceTree = "<group>"; };
		9ED39A861E186B0100833871 /* BehaviorTableViewController.swift */ = {isa = PBXFileReference; fileEncoding = 4; lastKnownFileType = sourcecode.swift; path = BehaviorTableViewController.swift; sourceTree = "<group>"; };
		9ED39A8A1E186BD400833871 /* AddBehaviorViewController.swift */ = {isa = PBXFileReference; fileEncoding = 4; lastKnownFileType = sourcecode.swift; path = AddBehaviorViewController.swift; sourceTree = "<group>"; };
		9ED39A8C1E187E6700833871 /* Behavior+Date.swift */ = {isa = PBXFileReference; fileEncoding = 4; lastKnownFileType = sourcecode.swift; path = "Behavior+Date.swift"; sourceTree = "<group>"; };
/* End PBXFileReference section */

/* Begin PBXFrameworksBuildPhase section */
		9ED39A6B1E18318E00833871 /* Frameworks */ = {
			isa = PBXFrameworksBuildPhase;
			buildActionMask = 2147483647;
			files = (
			);
			runOnlyForDeploymentPostprocessing = 0;
		};
/* End PBXFrameworksBuildPhase section */

/* Begin PBXGroup section */
		9ED39A651E18318E00833871 = {
			isa = PBXGroup;
			children = (
				9ED39A701E18318F00833871 /* GoodBoyOrGirl */,
				9ED39A6F1E18318F00833871 /* Products */,
			);
			sourceTree = "<group>";
		};
		9ED39A6F1E18318F00833871 /* Products */ = {
			isa = PBXGroup;
			children = (
				9ED39A6E1E18318F00833871 /* GoodBoyOrGirl.app */,
			);
			name = Products;
			sourceTree = "<group>";
		};
		9ED39A701E18318F00833871 /* GoodBoyOrGirl */ = {
			isa = PBXGroup;
			children = (
				9ED39A891E186BB300833871 /* Controllers */,
				9ED39A8E1E18895A00833871 /* Extensions */,
				9ED39A781E18318F00833871 /* GoodBoyOrGirl.xcdatamodeld */,
				9ED39A881E186BA100833871 /* Supporting Files */,
			);
			path = GoodBoyOrGirl;
			sourceTree = "<group>";
		};
		9ED39A881E186BA100833871 /* Supporting Files */ = {
			isa = PBXGroup;
			children = (
				9ED39A711E18318F00833871 /* AppDelegate.swift */,
				9ED39A7B1E18318F00833871 /* Assets.xcassets */,
				9ED39A801E18318F00833871 /* Info.plist */,
				9ED39A7D1E18318F00833871 /* LaunchScreen.storyboard */,
				9ED39A751E18318F00833871 /* Main.storyboard */,
			);
			name = "Supporting Files";
			sourceTree = "<group>";
		};
		9ED39A891E186BB300833871 /* Controllers */ = {
			isa = PBXGroup;
			children = (
				9ED39A8A1E186BD400833871 /* AddBehaviorViewController.swift */,
				9ED39A861E186B0100833871 /* BehaviorTableViewController.swift */,
			);
			name = Controllers;
			sourceTree = "<group>";
		};
		9ED39A8E1E18895A00833871 /* Extensions */ = {
			isa = PBXGroup;
			children = (
				9ED39A8C1E187E6700833871 /* Behavior+Date.swift */,
			);
			name = Extensions;
			sourceTree = "<group>";
		};
/* End PBXGroup section */

/* Begin PBXNativeTarget section */
		9ED39A6D1E18318E00833871 /* GoodBoyOrGirl */ = {
			isa = PBXNativeTarget;
			buildConfigurationList = 9ED39A831E18318F00833871 /* Build configuration list for PBXNativeTarget "GoodBoyOrGirl" */;
			buildPhases = (
				9ED39A6A1E18318E00833871 /* Sources */,
				9ED39A6B1E18318E00833871 /* Frameworks */,
				9ED39A6C1E18318E00833871 /* Resources */,
			);
			buildRules = (
			);
			dependencies = (
			);
			name = GoodBoyOrGirl;
			productName = GoodBoyOrGirl;
			productReference = 9ED39A6E1E18318F00833871 /* GoodBoyOrGirl.app */;
			productType = "com.apple.product-type.application";
		};
/* End PBXNativeTarget section */

/* Begin PBXProject section */
		9ED39A661E18318E00833871 /* Project object */ = {
			isa = PBXProject;
			attributes = {
				LastSwiftUpdateCheck = 0810;
				LastUpgradeCheck = 0810;
				ORGANIZATIONNAME = "Victor Zhong";
				TargetAttributes = {
					9ED39A6D1E18318E00833871 = {
						CreatedOnToolsVersion = 8.1;
						ProvisioningStyle = Automatic;
					};
				};
			};
			buildConfigurationList = 9ED39A691E18318E00833871 /* Build configuration list for PBXProject "GoodBoyOrGirl" */;
			compatibilityVersion = "Xcode 3.2";
			developmentRegion = English;
			hasScannedForEncodings = 0;
			knownRegions = (
				en,
				Base,
			);
			mainGroup = 9ED39A651E18318E00833871;
			productRefGroup = 9ED39A6F1E18318F00833871 /* Products */;
			projectDirPath = "";
			projectRoot = "";
			targets = (
				9ED39A6D1E18318E00833871 /* GoodBoyOrGirl */,
			);
		};
/* End PBXProject section */

/* Begin PBXResourcesBuildPhase section */
		9ED39A6C1E18318E00833871 /* Resources */ = {
			isa = PBXResourcesBuildPhase;
			buildActionMask = 2147483647;
			files = (
				9ED39A7F1E18318F00833871 /* LaunchScreen.storyboard in Resources */,
				9ED39A7C1E18318F00833871 /* Assets.xcassets in Resources */,
				9ED39A771E18318F00833871 /* Main.storyboard in Resources */,
			);
			runOnlyForDeploymentPostprocessing = 0;
		};
/* End PBXResourcesBuildPhase section */

/* Begin PBXSourcesBuildPhase section */
		9ED39A6A1E18318E00833871 /* Sources */ = {
			isa = PBXSourcesBuildPhase;
			buildActionMask = 2147483647;
			files = (
				9ED39A8D1E187E6700833871 /* Behavior+Date.swift in Sources */,
				9ED39A7A1E18318F00833871 /* GoodBoyOrGirl.xcdatamodeld in Sources */,
				9ED39A871E186B0100833871 /* BehaviorTableViewController.swift in Sources */,
				9ED39A8B1E186BD400833871 /* AddBehaviorViewController.swift in Sources */,
				9ED39A721E18318F00833871 /* AppDelegate.swift in Sources */,
			);
			runOnlyForDeploymentPostprocessing = 0;
		};
/* End PBXSourcesBuildPhase section */

/* Begin PBXVariantGroup section */
		9ED39A751E18318F00833871 /* Main.storyboard */ = {
			isa = PBXVariantGroup;
			children = (
				9ED39A761E18318F00833871 /* Base */,
			);
			name = Main.storyboard;
			sourceTree = "<group>";
		};
		9ED39A7D1E18318F00833871 /* LaunchScreen.storyboard */ = {
			isa = PBXVariantGroup;
			children = (
				9ED39A7E1E18318F00833871 /* Base */,
			);
			name = LaunchScreen.storyboard;
			sourceTree = "<group>";
		};
/* End PBXVariantGroup section */

/* Begin XCBuildConfiguration section */
		9ED39A811E18318F00833871 /* Debug */ = {
			isa = XCBuildConfiguration;
			buildSettings = {
				ALWAYS_SEARCH_USER_PATHS = NO;
				CLANG_ANALYZER_NONNULL = YES;
				CLANG_CXX_LANGUAGE_STANDARD = "gnu++0x";
				CLANG_CXX_LIBRARY = "libc++";
				CLANG_ENABLE_MODULES = YES;
				CLANG_ENABLE_OBJC_ARC = YES;
				CLANG_WARN_BOOL_CONVERSION = YES;
				CLANG_WARN_CONSTANT_CONVERSION = YES;
				CLANG_WARN_DIRECT_OBJC_ISA_USAGE = YES_ERROR;
				CLANG_WARN_DOCUMENTATION_COMMENTS = YES;
				CLANG_WARN_EMPTY_BODY = YES;
				CLANG_WARN_ENUM_CONVERSION = YES;
				CLANG_WARN_INFINITE_RECURSION = YES;
				CLANG_WARN_INT_CONVERSION = YES;
				CLANG_WARN_OBJC_ROOT_CLASS = YES_ERROR;
				CLANG_WARN_SUSPICIOUS_MOVES = YES;
				CLANG_WARN_UNREACHABLE_CODE = YES;
				CLANG_WARN__DUPLICATE_METHOD_MATCH = YES;
				"CODE_SIGN_IDENTITY[sdk=iphoneos*]" = "iPhone Developer";
				COPY_PHASE_STRIP = NO;
				DEBUG_INFORMATION_FORMAT = dwarf;
				ENABLE_STRICT_OBJC_MSGSEND = YES;
				ENABLE_TESTABILITY = YES;
				GCC_C_LANGUAGE_STANDARD = gnu99;
				GCC_DYNAMIC_NO_PIC = NO;
				GCC_NO_COMMON_BLOCKS = YES;
				GCC_OPTIMIZATION_LEVEL = 0;
				GCC_PREPROCESSOR_DEFINITIONS = (
					"DEBUG=1",
					"$(inherited)",
				);
				GCC_WARN_64_TO_32_BIT_CONVERSION = YES;
				GCC_WARN_ABOUT_RETURN_TYPE = YES_ERROR;
				GCC_WARN_UNDECLARED_SELECTOR = YES;
				GCC_WARN_UNINITIALIZED_AUTOS = YES_AGGRESSIVE;
				GCC_WARN_UNUSED_FUNCTION = YES;
				GCC_WARN_UNUSED_VARIABLE = YES;
				IPHONEOS_DEPLOYMENT_TARGET = 10.1;
				MTL_ENABLE_DEBUG_INFO = YES;
				ONLY_ACTIVE_ARCH = YES;
				SDKROOT = iphoneos;
				SWIFT_ACTIVE_COMPILATION_CONDITIONS = DEBUG;
				SWIFT_OPTIMIZATION_LEVEL = "-Onone";
				TARGETED_DEVICE_FAMILY = "1,2";
			};
			name = Debug;
		};
		9ED39A821E18318F00833871 /* Release */ = {
			isa = XCBuildConfiguration;
			buildSettings = {
				ALWAYS_SEARCH_USER_PATHS = NO;
				CLANG_ANALYZER_NONNULL = YES;
				CLANG_CXX_LANGUAGE_STANDARD = "gnu++0x";
				CLANG_CXX_LIBRARY = "libc++";
				CLANG_ENABLE_MODULES = YES;
				CLANG_ENABLE_OBJC_ARC = YES;
				CLANG_WARN_BOOL_CONVERSION = YES;
				CLANG_WARN_CONSTANT_CONVERSION = YES;
				CLANG_WARN_DIRECT_OBJC_ISA_USAGE = YES_ERROR;
				CLANG_WARN_DOCUMENTATION_COMMENTS = YES;
				CLANG_WARN_EMPTY_BODY = YES;
				CLANG_WARN_ENUM_CONVERSION = YES;
				CLANG_WARN_INFINITE_RECURSION = YES;
				CLANG_WARN_INT_CONVERSION = YES;
				CLANG_WARN_OBJC_ROOT_CLASS = YES_ERROR;
				CLANG_WARN_SUSPICIOUS_MOVES = YES;
				CLANG_WARN_UNREACHABLE_CODE = YES;
				CLANG_WARN__DUPLICATE_METHOD_MATCH = YES;
				"CODE_SIGN_IDENTITY[sdk=iphoneos*]" = "iPhone Developer";
				COPY_PHASE_STRIP = NO;
				DEBUG_INFORMATION_FORMAT = "dwarf-with-dsym";
				ENABLE_NS_ASSERTIONS = NO;
				ENABLE_STRICT_OBJC_MSGSEND = YES;
				GCC_C_LANGUAGE_STANDARD = gnu99;
				GCC_NO_COMMON_BLOCKS = YES;
				GCC_WARN_64_TO_32_BIT_CONVERSION = YES;
				GCC_WARN_ABOUT_RETURN_TYPE = YES_ERROR;
				GCC_WARN_UNDECLARED_SELECTOR = YES;
				GCC_WARN_UNINITIALIZED_AUTOS = YES_AGGRESSIVE;
				GCC_WARN_UNUSED_FUNCTION = YES;
				GCC_WARN_UNUSED_VARIABLE = YES;
				IPHONEOS_DEPLOYMENT_TARGET = 10.1;
				MTL_ENABLE_DEBUG_INFO = NO;
				SDKROOT = iphoneos;
				SWIFT_OPTIMIZATION_LEVEL = "-Owholemodule";
				TARGETED_DEVICE_FAMILY = "1,2";
				VALIDATE_PRODUCT = YES;
			};
			name = Release;
		};
		9ED39A841E18318F00833871 /* Debug */ = {
			isa = XCBuildConfiguration;
			buildSettings = {
				ASSETCATALOG_COMPILER_APPICON_NAME = AppIcon;
				INFOPLIST_FILE = GoodBoyOrGirl/Info.plist;
				LD_RUNPATH_SEARCH_PATHS = "$(inherited) @executable_path/Frameworks";
				PRODUCT_BUNDLE_IDENTIFIER = nyc.c4q.viczhong.GoodBoyOrGirl;
				PRODUCT_NAME = "$(TARGET_NAME)";
				SWIFT_VERSION = 3.0;
			};
			name = Debug;
		};
		9ED39A851E18318F00833871 /* Release */ = {
			isa = XCBuildConfiguration;
			buildSettings = {
				ASSETCATALOG_COMPILER_APPICON_NAME = AppIcon;
				INFOPLIST_FILE = GoodBoyOrGirl/Info.plist;
				LD_RUNPATH_SEARCH_PATHS = "$(inherited) @executable_path/Frameworks";
				PRODUCT_BUNDLE_IDENTIFIER = nyc.c4q.viczhong.GoodBoyOrGirl;
				PRODUCT_NAME = "$(TARGET_NAME)";
				SWIFT_VERSION = 3.0;
			};
			name = Release;
		};
/* End XCBuildConfiguration section */

/* Begin XCConfigurationList section */
		9ED39A691E18318E00833871 /* Build configuration list for PBXProject "GoodBoyOrGirl" */ = {
			isa = XCConfigurationList;
			buildConfigurations = (
				9ED39A811E18318F00833871 /* Debug */,
				9ED39A821E18318F00833871 /* Release */,
			);
			defaultConfigurationIsVisible = 0;
			defaultConfigurationName = Release;
		};
		9ED39A831E18318F00833871 /* Build configuration list for PBXNativeTarget "GoodBoyOrGirl" */ = {
			isa = XCConfigurationList;
			buildConfigurations = (
				9ED39A841E18318F00833871 /* Debug */,
				9ED39A851E18318F00833871 /* Release */,
			);
			defaultConfigurationIsVisible = 0;
			defaultConfigurationName = Release;
		};
/* End XCConfigurationList section */

/* Begin XCVersionGroup section */
		9ED39A781E18318F00833871 /* GoodBoyOrGirl.xcdatamodeld */ = {
			isa = XCVersionGroup;
			children = (
				9ED39A791E18318F00833871 /* GoodBoyOrGirl.xcdatamodel */,
			);
			currentVersion = 9ED39A791E18318F00833871 /* GoodBoyOrGirl.xcdatamodel */;
			path = GoodBoyOrGirl.xcdatamodeld;
			sourceTree = "<group>";
			versionGroupType = wrapper.xcdatamodel;
		};
/* End XCVersionGroup section */
	};
	rootObject = 9ED39A661E18318E00833871 /* Project object */;
}
